
Microsoft Visual Studio Solution File, Format Version 12.00
# Visual Studio Version 17
VisualStudioVersion = 17.0.32014.148
MinimumVisualStudioVersion = 10.0.40219.1
Project("{9A19103F-16F7-4668-BE54-9A1E7A4F7556}") = "serilog-demo-app", "serilog-demo-app\serilog-demo-app.csproj", "{4F75B011-70BA-4517-BAA3-53E1D9BDCFCB}"
EndProject
Project("{9A19103F-16F7-4668-BE54-9A1E7A4F7556}") = "custom-serilog-lib", "custom-serilog-lib\custom-serilog-lib.csproj", "{19DD685F-415C-4DE5-B95E-883FC4880DF2}"
EndProject
Global
	GlobalSection(SolutionConfigurationPlatforms) = preSolution
		Debug|Any CPU = Debug|Any CPU
		Release|Any CPU = Release|Any CPU
	EndGlobalSection
	GlobalSection(ProjectConfigurationPlatforms) = postSolution
		{4F75B011-70BA-4517-BAA3-53E1D9BDCFCB}.Debug|Any CPU.ActiveCfg = Debug|Any CPU
		{4F75B011-70BA-4517-BAA3-53E1D9BDCFCB}.Debug|Any CPU.Build.0 = Debug|Any CPU
		{4F75B011-70BA-4517-BAA3-53E1D9BDCFCB}.Release|Any CPU.ActiveCfg = Release|Any CPU
		{4F75B011-70BA-4517-BAA3-53E1D9BDCFCB}.Release|Any CPU.Build.0 = Release|Any CPU
		{19DD685F-415C-4DE5-B95E-883FC4880DF2}.Debug|Any CPU.ActiveCfg = Debug|Any CPU
		{19DD685F-415C-4DE5-B95E-883FC4880DF2}.Debug|Any CPU.Build.0 = Debug|Any CPU
		{19DD685F-415C-4DE5-B95E-883FC4880DF2}.Release|Any CPU.ActiveCfg = Release|Any CPU
		{19DD685F-415C-4DE5-B95E-883FC4880DF2}.Release|Any CPU.Build.0 = Release|Any CPU
	EndGlobalSection
	GlobalSection(SolutionProperties) = preSolution
		HideSolutionNode = FALSE
	EndGlobalSection
	GlobalSection(ExtensibilityGlobals) = postSolution
		SolutionGuid = {169782A9-61CF-45C3-8243-C249FB33C839}
	EndGlobalSection
EndGlobal
